{
  "version": "5",
  "specifiers": {
    "jsr:@cliffy/command@1.0.0-rc.7": "1.0.0-rc.7",
    "jsr:@cliffy/flags@1.0.0-rc.7": "1.0.0-rc.7",
    "jsr:@cliffy/internal@1.0.0-rc.7": "1.0.0-rc.7",
    "jsr:@cliffy/table@1.0.0-rc.7": "1.0.0-rc.7",
    "jsr:@david/code-block-writer@13": "13.0.3",
    "jsr:@std/assert@*": "1.0.13",
    "jsr:@std/assert@0.226": "0.226.0",
    "jsr:@std/assert@1": "1.0.13",
    "jsr:@std/assert@1.0.13": "1.0.13",
    "jsr:@std/fmt@~1.0.2": "1.0.8",
    "jsr:@std/fs@1": "1.0.19",
    "jsr:@std/fs@~0.229.3": "0.229.3",
    "jsr:@std/internal@^1.0.10": "1.0.12",
    "jsr:@std/internal@^1.0.6": "1.0.8",
    "jsr:@std/internal@^1.0.9": "1.0.12",
    "jsr:@std/path@1.0.0-rc.1": "1.0.0-rc.1",
    "jsr:@std/path@^1.1.1": "1.1.2",
    "jsr:@std/path@~0.225.2": "0.225.2",
    "jsr:@std/text@~1.0.7": "1.0.15",
    "jsr:@ts-morph/common@0.24": "0.24.0",
    "jsr:@ts-morph/ts-morph@23": "23.0.0",
    "npm:@asteasolutions/zod-to-openapi@6.2.0": "6.2.0_zod@3.25.67",
    "npm:drizzle-orm@0.30.10": "0.30.10",
    "npm:hono@4": "4.8.1"
  },
  "jsr": {
    "@cliffy/command@1.0.0-rc.7": {
      "integrity": "1288808d7a3cd18b86c24c2f920e47a6d954b7e23cadc35c8cbd78f8be41f0cd",
      "dependencies": [
        "jsr:@cliffy/flags",
        "jsr:@cliffy/internal",
        "jsr:@cliffy/table",
        "jsr:@std/fmt",
        "jsr:@std/text"
      ]
    },
    "@cliffy/flags@1.0.0-rc.7": {
      "integrity": "318d9be98f6a6417b108e03dec427dea96cdd41a15beb21d2554ae6da450a781",
      "dependencies": [
        "jsr:@std/text"
      ]
    },
    "@cliffy/internal@1.0.0-rc.7": {
      "integrity": "10412636ab3e67517d448be9eaab1b70c88eba9be22617b5d146257a11cc9b17"
    },
    "@cliffy/table@1.0.0-rc.7": {
      "integrity": "9fdd9776eda28a0b397981c400eeb1aa36da2371b43eefe12e6ff555290e3180",
      "dependencies": [
        "jsr:@std/fmt"
      ]
    },
    "@david/code-block-writer@13.0.3": {
      "integrity": "f98c77d320f5957899a61bfb7a9bead7c6d83ad1515daee92dbacc861e13bb7f"
    },
    "@std/assert@0.226.0": {
      "integrity": "0dfb5f7c7723c18cec118e080fec76ce15b4c31154b15ad2bd74822603ef75b3"
    },
    "@std/assert@1.0.13": {
      "integrity": "ae0d31e41919b12c656c742b22522c32fb26ed0cba32975cb0de2a273cb68b29",
      "dependencies": [
        "jsr:@std/internal@^1.0.6"
      ]
    },
    "@std/fmt@1.0.8": {
      "integrity": "71e1fc498787e4434d213647a6e43e794af4fd393ef8f52062246e06f7e372b7"
    },
    "@std/fs@0.229.3": {
      "integrity": "783bca21f24da92e04c3893c9e79653227ab016c48e96b3078377ebd5222e6eb",
      "dependencies": [
        "jsr:@std/path@1.0.0-rc.1"
      ]
    },
    "@std/fs@1.0.19": {
      "integrity": "051968c2b1eae4d2ea9f79a08a3845740ef6af10356aff43d3e2ef11ed09fb06",
      "dependencies": [
        "jsr:@std/internal@^1.0.9",
        "jsr:@std/path@^1.1.1"
      ]
    },
    "@std/internal@1.0.8": {
      "integrity": "fc66e846d8d38a47cffd274d80d2ca3f0de71040f855783724bb6b87f60891f5"
    },
    "@std/internal@1.0.12": {
      "integrity": "972a634fd5bc34b242024402972cd5143eac68d8dffaca5eaa4dba30ce17b027"
    },
    "@std/path@0.225.2": {
      "integrity": "0f2db41d36b50ef048dcb0399aac720a5348638dd3cb5bf80685bf2a745aa506",
      "dependencies": [
        "jsr:@std/assert@0.226"
      ]
    },
    "@std/path@1.0.0-rc.1": {
      "integrity": "b8c00ae2f19106a6bb7cbf1ab9be52aa70de1605daeb2dbdc4f87a7cbaf10ff6"
    },
    "@std/path@1.1.2": {
      "integrity": "c0b13b97dfe06546d5e16bf3966b1cadf92e1cc83e56ba5476ad8b498d9e3038",
      "dependencies": [
        "jsr:@std/internal@^1.0.10"
      ]
    },
    "@std/text@1.0.15": {
      "integrity": "91f5cc1e12779a3d95f1be34e763f9c28a75a078b7360e6fcaef0d8d9b1e3e7f"
    },
    "@ts-morph/common@0.24.0": {
      "integrity": "12b625b8e562446ba658cdbe9ad77774b4bd96b992ae8bd34c60dbf24d06c1f3",
      "dependencies": [
        "jsr:@std/fs@~0.229.3",
        "jsr:@std/path@~0.225.2"
      ]
    },
    "@ts-morph/ts-morph@23.0.0": {
      "integrity": "5c5bf3187fc3d696ca0cc295e9e024e9c8d52051852cfea67f8e932cfbde0810",
      "dependencies": [
        "jsr:@david/code-block-writer",
        "jsr:@ts-morph/common"
      ]
    }
  },
  "npm": {
    "@asteasolutions/zod-to-openapi@6.2.0_zod@3.25.67": {
      "integrity": "sha512-OhHyV/IxbDKJQJ9NJKRV5kcCyFDbZ/4HvZQXaqihWup8TirLp5od7t7idgQgj9/Gs0ltJ1Q/HLCH1eWeX/oEYg==",
      "dependencies": [
        "openapi3-ts",
        "zod"
      ]
    },
    "drizzle-orm@0.30.10": {
      "integrity": "sha512-IRy/QmMWw9lAQHpwbUh1b8fcn27S/a9zMIzqea1WNOxK9/4EB8gIo+FZWLiPXzl2n9ixGSv8BhsLZiOppWEwBw=="
    },
    "hono@4.8.1": {
      "integrity": "sha512-ErA2ifywnSmcnB5XDuFqGDfXJ9xuAJR2C/8cZAk6vDaOCzofB8eNlha/wZWIiamREzWk94S9Z7wHsnKQHn7Niw=="
    },
    "openapi3-ts@4.4.0": {
      "integrity": "sha512-9asTNB9IkKEzWMcHmVZE7Ts3kC9G7AFHfs8i7caD8HbI76gEjdkId4z/AkP83xdZsH7PLAnnbl47qZkXuxpArw==",
      "dependencies": [
        "yaml"
      ]
    },
    "yaml@2.8.0": {
      "integrity": "sha512-4lLa/EcQCB0cJkyts+FpIRx5G/llPxfP6VQU5KByHEhLxY3IJCH0f0Hy1MHI8sClTvsIb8qwRJ6R/ZdlDJ/leQ==",
      "bin": true
    },
    "zod@3.25.67": {
      "integrity": "sha512-idA2YXwpCdqUSKRCACDE6ItZD9TZzy3OZMtpfLoh6oPR47lipysRrJfjzMqFxQ3uJuUPyUeWe1r9vLH33xO/Qw=="
    }
  },
  "workspace": {
    "dependencies": [
      "jsr:@std/fs@1",
      "jsr:@ts-morph/ts-morph@23",
      "npm:@asteasolutions/zod-to-openapi@6.2.0",
      "npm:drizzle-orm@0.30.10"
    ]
  }
}
